
Microsoft Visual Studio Solution File, Format Version 12.00
# Visual Studio 15
VisualStudioVersion = 15.0.28010.2003
MinimumVisualStudioVersion = 10.0.40219.1
Project("{262852C6-CD72-467D-83FE-5EEB1973A190}") = "StedyDataApp2", "StedyDataApp2\StedyDataApp2.jsproj", "{0C9DDABC-3D3A-47E3-B912-27AFFEDF9458}"
EndProject
Global
	GlobalSection(SolutionConfigurationPlatforms) = preSolution
		Debug|Android = Debug|Android
		Debug|iOS = Debug|iOS
		Debug|Windows-ARM = Debug|Windows-ARM
		Debug|Windows-x64 = Debug|Windows-x64
		Debug|Windows-x86 = Debug|Windows-x86
		Release|Android = Release|Android
		Release|iOS = Release|iOS
		Release|Windows-ARM = Release|Windows-ARM
		Release|Windows-x64 = Release|Windows-x64
		Release|Windows-x86 = Release|Windows-x86
	EndGlobalSection
	GlobalSection(ProjectConfigurationPlatforms) = postSolution
		{0C9DDABC-3D3A-47E3-B912-27AFFEDF9458}.Debug|Android.ActiveCfg = Debug|Android
		{0C9DDABC-3D3A-47E3-B912-27AFFEDF9458}.Debug|Android.Build.0 = Debug|Android
		{0C9DDABC-3D3A-47E3-B912-27AFFEDF9458}.Debug|Android.Deploy.0 = Debug|Android
		{0C9DDABC-3D3A-47E3-B912-27AFFEDF9458}.Debug|iOS.ActiveCfg = Debug|iOS
		{0C9DDABC-3D3A-47E3-B912-27AFFEDF9458}.Debug|iOS.Build.0 = Debug|iOS
		{0C9DDABC-3D3A-47E3-B912-27AFFEDF9458}.Debug|iOS.Deploy.0 = Debug|iOS
		{0C9DDABC-3D3A-47E3-B912-27AFFEDF9458}.Debug|Windows-ARM.ActiveCfg = Debug|Windows-ARM
		{0C9DDABC-3D3A-47E3-B912-27AFFEDF9458}.Debug|Windows-ARM.Build.0 = Debug|Windows-ARM
		{0C9DDABC-3D3A-47E3-B912-27AFFEDF9458}.Debug|Windows-ARM.Deploy.0 = Debug|Windows-ARM
		{0C9DDABC-3D3A-47E3-B912-27AFFEDF9458}.Debug|Windows-x64.ActiveCfg = Debug|Windows-x64
		{0C9DDABC-3D3A-47E3-B912-27AFFEDF9458}.Debug|Windows-x64.Build.0 = Debug|Windows-x64
		{0C9DDABC-3D3A-47E3-B912-27AFFEDF9458}.Debug|Windows-x64.Deploy.0 = Debug|Windows-x64
		{0C9DDABC-3D3A-47E3-B912-27AFFEDF9458}.Debug|Windows-x86.ActiveCfg = Debug|Windows-x86
		{0C9DDABC-3D3A-47E3-B912-27AFFEDF9458}.Debug|Windows-x86.Build.0 = Debug|Windows-x86
		{0C9DDABC-3D3A-47E3-B912-27AFFEDF9458}.Debug|Windows-x86.Deploy.0 = Debug|Windows-x86
		{0C9DDABC-3D3A-47E3-B912-27AFFEDF9458}.Release|Android.ActiveCfg = Release|Android
		{0C9DDABC-3D3A-47E3-B912-27AFFEDF9458}.Release|Android.Build.0 = Release|Android
		{0C9DDABC-3D3A-47E3-B912-27AFFEDF9458}.Release|Android.Deploy.0 = Release|Android
		{0C9DDABC-3D3A-47E3-B912-27AFFEDF9458}.Release|iOS.ActiveCfg = Release|iOS
		{0C9DDABC-3D3A-47E3-B912-27AFFEDF9458}.Release|iOS.Build.0 = Release|iOS
		{0C9DDABC-3D3A-47E3-B912-27AFFEDF9458}.Release|iOS.Deploy.0 = Release|iOS
		{0C9DDABC-3D3A-47E3-B912-27AFFEDF9458}.Release|Windows-ARM.ActiveCfg = Release|Windows-ARM
		{0C9DDABC-3D3A-47E3-B912-27AFFEDF9458}.Release|Windows-ARM.Build.0 = Release|Windows-ARM
		{0C9DDABC-3D3A-47E3-B912-27AFFEDF9458}.Release|Windows-ARM.Deploy.0 = Release|Windows-ARM
		{0C9DDABC-3D3A-47E3-B912-27AFFEDF9458}.Release|Windows-x64.ActiveCfg = Release|Windows-x64
		{0C9DDABC-3D3A-47E3-B912-27AFFEDF9458}.Release|Windows-x64.Build.0 = Release|Windows-x64
		{0C9DDABC-3D3A-47E3-B912-27AFFEDF9458}.Release|Windows-x64.Deploy.0 = Release|Windows-x64
		{0C9DDABC-3D3A-47E3-B912-27AFFEDF9458}.Release|Windows-x86.ActiveCfg = Release|Windows-x86
		{0C9DDABC-3D3A-47E3-B912-27AFFEDF9458}.Release|Windows-x86.Build.0 = Release|Windows-x86
		{0C9DDABC-3D3A-47E3-B912-27AFFEDF9458}.Release|Windows-x86.Deploy.0 = Release|Windows-x86
	EndGlobalSection
	GlobalSection(SolutionProperties) = preSolution
		HideSolutionNode = FALSE
	EndGlobalSection
	GlobalSection(ExtensibilityGlobals) = postSolution
		SolutionGuid = {D0F19B25-532A-4E1D-87C4-C1FFC51BFA35}
	EndGlobalSection
EndGlobal
